
Microsoft Visual Studio Solution File, Format Version 12.00
# Visual Studio Version 17
VisualStudioVersion = 17.0.31912.275
MinimumVisualStudioVersion = 10.0.40219.1
Project("{FAE04EC0-301F-11D3-BF4B-00C04F79EFBC}") = "Keera.Engine", "Keera.Engine\Keera.Engine.csproj", "{EA41FFB7-BD88-4D4B-8F97-61CE6B1CC7B6}"
EndProject
Project("{FAE04EC0-301F-11D3-BF4B-00C04F79EFBC}") = "Keera.ConsoleClient", "Keera.ConsoleClient\Keera.ConsoleClient.csproj", "{EE59EF5B-ADBB-4A1B-8F7A-AADE729EE7F6}"
EndProject
Global
	GlobalSection(SolutionConfigurationPlatforms) = preSolution
		Debug|Any CPU = Debug|Any CPU
		Release|Any CPU = Release|Any CPU
	EndGlobalSection
	GlobalSection(ProjectConfigurationPlatforms) = postSolution
		{EA41FFB7-BD88-4D4B-8F97-61CE6B1CC7B6}.Debug|Any CPU.ActiveCfg = Debug|Any CPU
		{EA41FFB7-BD88-4D4B-8F97-61CE6B1CC7B6}.Debug|Any CPU.Build.0 = Debug|Any CPU
		{EA41FFB7-BD88-4D4B-8F97-61CE6B1CC7B6}.Release|Any CPU.ActiveCfg = Release|Any CPU
		{EA41FFB7-BD88-4D4B-8F97-61CE6B1CC7B6}.Release|Any CPU.Build.0 = Release|Any CPU
		{EE59EF5B-ADBB-4A1B-8F7A-AADE729EE7F6}.Debug|Any CPU.ActiveCfg = Debug|Any CPU
		{EE59EF5B-ADBB-4A1B-8F7A-AADE729EE7F6}.Debug|Any CPU.Build.0 = Debug|Any CPU
		{EE59EF5B-ADBB-4A1B-8F7A-AADE729EE7F6}.Release|Any CPU.ActiveCfg = Release|Any CPU
		{EE59EF5B-ADBB-4A1B-8F7A-AADE729EE7F6}.Release|Any CPU.Build.0 = Release|Any CPU
	EndGlobalSection
	GlobalSection(SolutionProperties) = preSolution
		HideSolutionNode = FALSE
	EndGlobalSection
	GlobalSection(ExtensibilityGlobals) = postSolution
		SolutionGuid = {EE6DBE9A-EB0F-45D9-994C-1B56AE61676B}
	EndGlobalSection
EndGlobal
